
Microsoft Visual Studio Solution File, Format Version 12.00
# Visual Studio 2012
Project("{FAE04EC0-301F-11D3-BF4B-00C04F79EFBC}") = "GMA.AplicacaoModelo.Web", "GMA.AplicacaoModelo.Web\GMA.AplicacaoModelo.Web.csproj", "{D653EF95-C9E6-4346-9DEB-5831F8CF7EED}"
EndProject
Global
	GlobalSection(SolutionConfigurationPlatforms) = preSolution
		Debug|Any CPU = Debug|Any CPU
		Release|Any CPU = Release|Any CPU
	EndGlobalSection
	GlobalSection(ProjectConfigurationPlatforms) = postSolution
		{D653EF95-C9E6-4346-9DEB-5831F8CF7EED}.Debug|Any CPU.ActiveCfg = Debug|Any CPU
		{D653EF95-C9E6-4346-9DEB-5831F8CF7EED}.Debug|Any CPU.Build.0 = Debug|Any CPU
		{D653EF95-C9E6-4346-9DEB-5831F8CF7EED}.Release|Any CPU.ActiveCfg = Release|Any CPU
		{D653EF95-C9E6-4346-9DEB-5831F8CF7EED}.Release|Any CPU.Build.0 = Release|Any CPU
	EndGlobalSection
	GlobalSection(SolutionProperties) = preSolution
		HideSolutionNode = FALSE
	EndGlobalSection
EndGlobal
