
Microsoft Visual Studio Solution File, Format Version 12.00
# Visual Studio 2012
Project("{FAE04EC0-301F-11D3-BF4B-00C04F79EFBC}") = "GMA.AplicacaoModelo.Web", "GMA.AplicacaoModelo.Web\GMA.AplicacaoModelo.Web.csproj", "{D653EF95-C9E6-4346-9DEB-5831F8CF7EED}"
EndProject
Project("{FAE04EC0-301F-11D3-BF4B-00C04F79EFBC}") = "GMA.AplicacaoModelo.Dominio", "GMA.AplicacaoModelo.Dominio\GMA.AplicacaoModelo.Dominio.csproj", "{E7F708C9-9D8F-41FD-BD7F-770FA535108A}"
EndProject
Project("{FAE04EC0-301F-11D3-BF4B-00C04F79EFBC}") = "GMA.AplicacaoModelo.Infra", "GMA.AplicacaoModelo.Infra\GMA.AplicacaoModelo.Infra.csproj", "{4143E949-0212-43E1-BE04-24ACEAA7A99C}"
EndProject
Project("{FAE04EC0-301F-11D3-BF4B-00C04F79EFBC}") = "GMA.AplicacaoModelo.TesteUnitario", "GMA.AplicacaoModelo.TesteUnitario\GMA.AplicacaoModelo.TesteUnitario.csproj", "{8040168A-7CD8-4363-BC73-C6E38CD309A1}"
EndProject
Project("{2150E333-8FDC-42A3-9474-1A3956D46DE8}") = ".nuget", ".nuget", "{5F825AAE-4454-4B74-9DD1-4FFD8BA5EDDE}"
	ProjectSection(SolutionItems) = preProject
		.nuget\packages.config = .nuget\packages.config
	EndProjectSection
EndProject
Global
	GlobalSection(SolutionConfigurationPlatforms) = preSolution
		Debug|Any CPU = Debug|Any CPU
		Release|Any CPU = Release|Any CPU
	EndGlobalSection
	GlobalSection(ProjectConfigurationPlatforms) = postSolution
		{D653EF95-C9E6-4346-9DEB-5831F8CF7EED}.Debug|Any CPU.ActiveCfg = Debug|Any CPU
		{D653EF95-C9E6-4346-9DEB-5831F8CF7EED}.Debug|Any CPU.Build.0 = Debug|Any CPU
		{D653EF95-C9E6-4346-9DEB-5831F8CF7EED}.Release|Any CPU.ActiveCfg = Release|Any CPU
		{D653EF95-C9E6-4346-9DEB-5831F8CF7EED}.Release|Any CPU.Build.0 = Release|Any CPU
		{E7F708C9-9D8F-41FD-BD7F-770FA535108A}.Debug|Any CPU.ActiveCfg = Debug|Any CPU
		{E7F708C9-9D8F-41FD-BD7F-770FA535108A}.Debug|Any CPU.Build.0 = Debug|Any CPU
		{E7F708C9-9D8F-41FD-BD7F-770FA535108A}.Release|Any CPU.ActiveCfg = Release|Any CPU
		{E7F708C9-9D8F-41FD-BD7F-770FA535108A}.Release|Any CPU.Build.0 = Release|Any CPU
		{4143E949-0212-43E1-BE04-24ACEAA7A99C}.Debug|Any CPU.ActiveCfg = Debug|Any CPU
		{4143E949-0212-43E1-BE04-24ACEAA7A99C}.Debug|Any CPU.Build.0 = Debug|Any CPU
		{4143E949-0212-43E1-BE04-24ACEAA7A99C}.Release|Any CPU.ActiveCfg = Release|Any CPU
		{4143E949-0212-43E1-BE04-24ACEAA7A99C}.Release|Any CPU.Build.0 = Release|Any CPU
		{8040168A-7CD8-4363-BC73-C6E38CD309A1}.Debug|Any CPU.ActiveCfg = Debug|Any CPU
		{8040168A-7CD8-4363-BC73-C6E38CD309A1}.Debug|Any CPU.Build.0 = Debug|Any CPU
		{8040168A-7CD8-4363-BC73-C6E38CD309A1}.Release|Any CPU.ActiveCfg = Release|Any CPU
		{8040168A-7CD8-4363-BC73-C6E38CD309A1}.Release|Any CPU.Build.0 = Release|Any CPU
	EndGlobalSection
	GlobalSection(SolutionProperties) = preSolution
		HideSolutionNode = FALSE
	EndGlobalSection
EndGlobal
